<?php

# Octopus Build Config

# Environment
define('APP' , __DIR__ . '/');
define('TMP', APP . 'tmp/');
define('DEV', true);

# Domain
define('BASE', '/'); # '/' padrão, '/sub', para subdiretório
define('DOMAIN', 'localhost');
define('SITE', 'http://' . DOMAIN . BASE);

# Dev Mode: Show Errors
ini_set('display_errors', DEV);
ini_set('display_startup_erros', DEV);
error_reporting(E_ALL);

# Erros Log Output
ini_set('log_errors', DEV);
ini_set('error_log', APP  . 'errors.log');

# Database
define('DB_HOST', '');
define('DB_NAME', '');
define('DB_USER', '');
define('DB_PASS', '');

# Emails
define('NAMEMAIL', 'Octopus');
define('USERMAIL', 'octopus@localhost');
define('PASSMAIL', 'xxxxxxxxxxxxxx');
define('HOSTMAIL', 'smtp.hostinger.com');

# Basics
$app    = 'Octopus';
$system = 'Gerenciamento de Esforço';
$mark   = 'Octopus';
$site   = SITE;
$footer = '<a href="' . $site . '" target="_blank">' . $mark . ' &copy;</a>';
